// !$*UTF8*$!
{
	archiveVersion = 1;
	classes = {
	};
	objectVersion = 46;
	objects = {

/* Begin PBXBuildFile section */
		9B1235BD18FCC919006A3378 /* Foundation.framework in Frameworks */ = {isa = PBXBuildFile; fileRef = 9B1235BC18FCC919006A3378 /* Foundation.framework */; };
		9B1235BF18FCC919006A3378 /* CoreGraphics.framework in Frameworks */ = {isa = PBXBuildFile; fileRef = 9B1235BE18FCC919006A3378 /* CoreGraphics.framework */; };
		9B1235C118FCC919006A3378 /* UIKit.framework in Frameworks */ = {isa = PBXBuildFile; fileRef = 9B1235C018FCC919006A3378 /* UIKit.framework */; };
		9B1235C718FCC919006A3378 /* InfoPlist.strings in Resources */ = {isa = PBXBuildFile; fileRef = 9B1235C518FCC919006A3378 /* InfoPlist.strings */; };
		9B1235C918FCC919006A3378 /* main.m in Sources */ = {isa = PBXBuildFile; fileRef = 9B1235C818FCC919006A3378 /* main.m */; };
		9B1235CD18FCC919006A3378 /* COAppDelegate.m in Sources */ = {isa = PBXBuildFile; fileRef = 9B1235CC18FCC919006A3378 /* COAppDelegate.m */; };
		9B1235CF18FCC919006A3378 /* Images.xcassets in Resources */ = {isa = PBXBuildFile; fileRef = 9B1235CE18FCC919006A3378 /* Images.xcassets */; };
		9B1235D618FCC919006A3378 /* XCTest.framework in Frameworks */ = {isa = PBXBuildFile; fileRef = 9B1235D518FCC919006A3378 /* XCTest.framework */; };
		9B1235D718FCC919006A3378 /* Foundation.framework in Frameworks */ = {isa = PBXBuildFile; fileRef = 9B1235BC18FCC919006A3378 /* Foundation.framework */; };
		9B1235D818FCC919006A3378 /* UIKit.framework in Frameworks */ = {isa = PBXBuildFile; fileRef = 9B1235C018FCC919006A3378 /* UIKit.framework */; };
		9B1235E018FCC919006A3378 /* InfoPlist.strings in Resources */ = {isa = PBXBuildFile; fileRef = 9B1235DE18FCC919006A3378 /* InfoPlist.strings */; };
		9B1235E218FCC919006A3378 /* COShaKitTests.m in Sources */ = {isa = PBXBuildFile; fileRef = 9B1235E118FCC919006A3378 /* COShaKitTests.m */; };
/* End PBXBuildFile section */

/* Begin PBXContainerItemProxy section */
		9B1235D918FCC919006A3378 /* PBXContainerItemProxy */ = {
			isa = PBXContainerItemProxy;
			containerPortal = 9B1235B118FCC919006A3378 /* Project object */;
			proxyType = 1;
			remoteGlobalIDString = 9B1235B818FCC919006A3378;
			remoteInfo = COShaKit;
		};
/* End PBXContainerItemProxy section */

/* Begin PBXFileReference section */
		9B1235B918FCC919006A3378 /* COShaKit.app */ = {isa = PBXFileReference; explicitFileType = wrapper.application; includeInIndex = 0; path = COShaKit.app; sourceTree = BUILT_PRODUCTS_DIR; };
		9B1235BC18FCC919006A3378 /* Foundation.framework */ = {isa = PBXFileReference; lastKnownFileType = wrapper.framework; name = Foundation.framework; path = System/Library/Frameworks/Foundation.framework; sourceTree = SDKROOT; };
		9B1235BE18FCC919006A3378 /* CoreGraphics.framework */ = {isa = PBXFileReference; lastKnownFileType = wrapper.framework; name = CoreGraphics.framework; path = System/Library/Frameworks/CoreGraphics.framework; sourceTree = SDKROOT; };
		9B1235C018FCC919006A3378 /* UIKit.framework */ = {isa = PBXFileReference; lastKnownFileType = wrapper.framework; name = UIKit.framework; path = System/Library/Frameworks/UIKit.framework; sourceTree = SDKROOT; };
		9B1235C418FCC919006A3378 /* COShaKit-Info.plist */ = {isa = PBXFileReference; lastKnownFileType = text.plist.xml; path = "COShaKit-Info.plist"; sourceTree = "<group>"; };
		9B1235C618FCC919006A3378 /* en */ = {isa = PBXFileReference; lastKnownFileType = text.plist.strings; name = en; path = en.lproj/InfoPlist.strings; sourceTree = "<group>"; };
		9B1235C818FCC919006A3378 /* main.m */ = {isa = PBXFileReference; lastKnownFileType = sourcecode.c.objc; path = main.m; sourceTree = "<group>"; };
		9B1235CA18FCC919006A3378 /* COShaKit-Prefix.pch */ = {isa = PBXFileReference; lastKnownFileType = sourcecode.c.h; path = "COShaKit-Prefix.pch"; sourceTree = "<group>"; };
		9B1235CB18FCC919006A3378 /* COAppDelegate.h */ = {isa = PBXFileReference; lastKnownFileType = sourcecode.c.h; path = COAppDelegate.h; sourceTree = "<group>"; };
		9B1235CC18FCC919006A3378 /* COAppDelegate.m */ = {isa = PBXFileReference; lastKnownFileType = sourcecode.c.objc; path = COAppDelegate.m; sourceTree = "<group>"; };
		9B1235CE18FCC919006A3378 /* Images.xcassets */ = {isa = PBXFileReference; lastKnownFileType = folder.assetcatalog; path = Images.xcassets; sourceTree = "<group>"; };
		9B1235D418FCC919006A3378 /* COShaKitTests.xctest */ = {isa = PBXFileReference; explicitFileType = wrapper.cfbundle; includeInIndex = 0; path = COShaKitTests.xctest; sourceTree = BUILT_PRODUCTS_DIR; };
		9B1235D518FCC919006A3378 /* XCTest.framework */ = {isa = PBXFileReference; lastKnownFileType = wrapper.framework; name = XCTest.framework; path = Library/Frameworks/XCTest.framework; sourceTree = DEVELOPER_DIR; };
		9B1235DD18FCC919006A3378 /* COShaKitTests-Info.plist */ = {isa = PBXFileReference; lastKnownFileType = text.plist.xml; path = "COShaKitTests-Info.plist"; sourceTree = "<group>"; };
		9B1235DF18FCC919006A3378 /* en */ = {isa = PBXFileReference; lastKnownFileType = text.plist.strings; name = en; path = en.lproj/InfoPlist.strings; sourceTree = "<group>"; };
		9B1235E118FCC919006A3378 /* COShaKitTests.m */ = {isa = PBXFileReference; lastKnownFileType = sourcecode.c.objc; path = COShaKitTests.m; sourceTree = "<group>"; };
/* End PBXFileReference section */

/* Begin PBXFrameworksBuildPhase section */
		9B1235B618FCC919006A3378 /* Frameworks */ = {
			isa = PBXFrameworksBuildPhase;
			buildActionMask = 2147483647;
			files = (
				9B1235BF18FCC919006A3378 /* CoreGraphics.framework in Frameworks */,
				9B1235C118FCC919006A3378 /* UIKit.framework in Frameworks */,
				9B1235BD18FCC919006A3378 /* Foundation.framework in Frameworks */,
			);
			runOnlyForDeploymentPostprocessing = 0;
		};
		9B1235D118FCC919006A3378 /* Frameworks */ = {
			isa = PBXFrameworksBuildPhase;
			buildActionMask = 2147483647;
			files = (
				9B1235D618FCC919006A3378 /* XCTest.framework in Frameworks */,
				9B1235D818FCC919006A3378 /* UIKit.framework in Frameworks */,
				9B1235D718FCC919006A3378 /* Foundation.framework in Frameworks */,
			);
			runOnlyForDeploymentPostprocessing = 0;
		};
/* End PBXFrameworksBuildPhase section */

/* Begin PBXGroup section */
		9B1235B018FCC919006A3378 = {
			isa = PBXGroup;
			children = (
				9B1235C218FCC919006A3378 /* COShaKit */,
				9B1235DB18FCC919006A3378 /* COShaKitTests */,
				9B1235BB18FCC919006A3378 /* Frameworks */,
				9B1235BA18FCC919006A3378 /* Products */,
			);
			sourceTree = "<group>";
		};
		9B1235BA18FCC919006A3378 /* Products */ = {
			isa = PBXGroup;
			children = (
				9B1235B918FCC919006A3378 /* COShaKit.app */,
				9B1235D418FCC919006A3378 /* COShaKitTests.xctest */,
			);
			name = Products;
			sourceTree = "<group>";
		};
		9B1235BB18FCC919006A3378 /* Frameworks */ = {
			isa = PBXGroup;
			children = (
				9B1235BC18FCC919006A3378 /* Foundation.framework */,
				9B1235BE18FCC919006A3378 /* CoreGraphics.framework */,
				9B1235C018FCC919006A3378 /* UIKit.framework */,
				9B1235D518FCC919006A3378 /* XCTest.framework */,
			);
			name = Frameworks;
			sourceTree = "<group>";
		};
		9B1235C218FCC919006A3378 /* COShaKit */ = {
			isa = PBXGroup;
			children = (
				9B1235CB18FCC919006A3378 /* COAppDelegate.h */,
				9B1235CC18FCC919006A3378 /* COAppDelegate.m */,
				9B1235CE18FCC919006A3378 /* Images.xcassets */,
				9B1235C318FCC919006A3378 /* Supporting Files */,
			);
			path = COShaKit;
			sourceTree = "<group>";
		};
		9B1235C318FCC919006A3378 /* Supporting Files */ = {
			isa = PBXGroup;
			children = (
				9B1235C418FCC919006A3378 /* COShaKit-Info.plist */,
				9B1235C518FCC919006A3378 /* InfoPlist.strings */,
				9B1235C818FCC919006A3378 /* main.m */,
				9B1235CA18FCC919006A3378 /* COShaKit-Prefix.pch */,
			);
			name = "Supporting Files";
			sourceTree = "<group>";
		};
		9B1235DB18FCC919006A3378 /* COShaKitTests */ = {
			isa = PBXGroup;
			children = (
				9B1235E118FCC919006A3378 /* COShaKitTests.m */,
				9B1235DC18FCC919006A3378 /* Supporting Files */,
			);
			path = COShaKitTests;
			sourceTree = "<group>";
		};
		9B1235DC18FCC919006A3378 /* Supporting Files */ = {
			isa = PBXGroup;
			children = (
				9B1235DD18FCC919006A3378 /* COShaKitTests-Info.plist */,
				9B1235DE18FCC919006A3378 /* InfoPlist.strings */,
			);
			name = "Supporting Files";
			sourceTree = "<group>";
		};
/* End PBXGroup section */

/* Begin PBXNativeTarget section */
		9B1235B818FCC919006A3378 /* COShaKit */ = {
			isa = PBXNativeTarget;
			buildConfigurationList = 9B1235E518FCC919006A3378 /* Build configuration list for PBXNativeTarget "COShaKit" */;
			buildPhases = (
				9B1235B518FCC919006A3378 /* Sources */,
				9B1235B618FCC919006A3378 /* Frameworks */,
				9B1235B718FCC919006A3378 /* Resources */,
			);
			buildRules = (
			);
			dependencies = (
			);
			name = COShaKit;
			productName = COShaKit;
			productReference = 9B1235B918FCC919006A3378 /* COShaKit.app */;
			productType = "com.apple.product-type.application";
		};
		9B1235D318FCC919006A3378 /* COShaKitTests */ = {
			isa = PBXNativeTarget;
			buildConfigurationList = 9B1235E818FCC919006A3378 /* Build configuration list for PBXNativeTarget "COShaKitTests" */;
			buildPhases = (
				9B1235D018FCC919006A3378 /* Sources */,
				9B1235D118FCC919006A3378 /* Frameworks */,
				9B1235D218FCC919006A3378 /* Resources */,
			);
			buildRules = (
			);
			dependencies = (
				9B1235DA18FCC919006A3378 /* PBXTargetDependency */,
			);
			name = COShaKitTests;
			productName = COShaKitTests;
			productReference = 9B1235D418FCC919006A3378 /* COShaKitTests.xctest */;
			productType = "com.apple.product-type.bundle.unit-test";
		};
/* End PBXNativeTarget section */

/* Begin PBXProject section */
		9B1235B118FCC919006A3378 /* Project object */ = {
			isa = PBXProject;
			attributes = {
				CLASSPREFIX = CO;
				LastUpgradeCheck = 0510;
				ORGANIZATIONNAME = Coursera;
				TargetAttributes = {
					9B1235D318FCC919006A3378 = {
						TestTargetID = 9B1235B818FCC919006A3378;
					};
				};
			};
			buildConfigurationList = 9B1235B418FCC919006A3378 /* Build configuration list for PBXProject "COShaKit" */;
			compatibilityVersion = "Xcode 3.2";
			developmentRegion = English;
			hasScannedForEncodings = 0;
			knownRegions = (
				en,
			);
			mainGroup = 9B1235B018FCC919006A3378;
			productRefGroup = 9B1235BA18FCC919006A3378 /* Products */;
			projectDirPath = "";
			projectRoot = "";
			targets = (
				9B1235B818FCC919006A3378 /* COShaKit */,
				9B1235D318FCC919006A3378 /* COShaKitTests */,
			);
		};
/* End PBXProject section */

/* Begin PBXResourcesBuildPhase section */
		9B1235B718FCC919006A3378 /* Resources */ = {
			isa = PBXResourcesBuildPhase;
			buildActionMask = 2147483647;
			files = (
				9B1235C718FCC919006A3378 /* InfoPlist.strings in Resources */,
				9B1235CF18FCC919006A3378 /* Images.xcassets in Resources */,
			);
			runOnlyForDeploymentPostprocessing = 0;
		};
		9B1235D218FCC919006A3378 /* Resources */ = {
			isa = PBXResourcesBuildPhase;
			buildActionMask = 2147483647;
			files = (
				9B1235E018FCC919006A3378 /* InfoPlist.strings in Resources */,
			);
			runOnlyForDeploymentPostprocessing = 0;
		};
/* End PBXResourcesBuildPhase section */

/* Begin PBXSourcesBuildPhase section */
		9B1235B518FCC919006A3378 /* Sources */ = {
			isa = PBXSourcesBuildPhase;
			buildActionMask = 2147483647;
			files = (
				9B1235CD18FCC919006A3378 /* COAppDelegate.m in Sources */,
				9B1235C918FCC919006A3378 /* main.m in Sources */,
			);
			runOnlyForDeploymentPostprocessing = 0;
		};
		9B1235D018FCC919006A3378 /* Sources */ = {
			isa = PBXSourcesBuildPhase;
			buildActionMask = 2147483647;
			files = (
				9B1235E218FCC919006A3378 /* COShaKitTests.m in Sources */,
			);
			runOnlyForDeploymentPostprocessing = 0;
		};
/* End PBXSourcesBuildPhase section */

/* Begin PBXTargetDependency section */
		9B1235DA18FCC919006A3378 /* PBXTargetDependency */ = {
			isa = PBXTargetDependency;
			target = 9B1235B818FCC919006A3378 /* COShaKit */;
			targetProxy = 9B1235D918FCC919006A3378 /* PBXContainerItemProxy */;
		};
/* End PBXTargetDependency section */

/* Begin PBXVariantGroup section */
		9B1235C518FCC919006A3378 /* InfoPlist.strings */ = {
			isa = PBXVariantGroup;
			children = (
				9B1235C618FCC919006A3378 /* en */,
			);
			name = InfoPlist.strings;
			sourceTree = "<group>";
		};
		9B1235DE18FCC919006A3378 /* InfoPlist.strings */ = {
			isa = PBXVariantGroup;
			children = (
				9B1235DF18FCC919006A3378 /* en */,
			);
			name = InfoPlist.strings;
			sourceTree = "<group>";
		};
/* End PBXVariantGroup section */

/* Begin XCBuildConfiguration section */
		9B1235E318FCC919006A3378 /* Debug */ = {
			isa = XCBuildConfiguration;
			buildSettings = {
				ALWAYS_SEARCH_USER_PATHS = NO;
				CLANG_CXX_LANGUAGE_STANDARD = "gnu++0x";
				CLANG_CXX_LIBRARY = "libc++";
				CLANG_ENABLE_MODULES = YES;
				CLANG_ENABLE_OBJC_ARC = YES;
				CLANG_WARN_BOOL_CONVERSION = YES;
				CLANG_WARN_CONSTANT_CONVERSION = YES;
				CLANG_WARN_DIRECT_OBJC_ISA_USAGE = YES_ERROR;
				CLANG_WARN_EMPTY_BODY = YES;
				CLANG_WARN_ENUM_CONVERSION = YES;
				CLANG_WARN_INT_CONVERSION = YES;
				CLANG_WARN_OBJC_ROOT_CLASS = YES_ERROR;
				CLANG_WARN__DUPLICATE_METHOD_MATCH = YES;
				"CODE_SIGN_IDENTITY[sdk=iphoneos*]" = "iPhone Developer";
				COPY_PHASE_STRIP = NO;
				GCC_C_LANGUAGE_STANDARD = gnu99;
				GCC_DYNAMIC_NO_PIC = NO;
				GCC_OPTIMIZATION_LEVEL = 0;
				GCC_PREPROCESSOR_DEFINITIONS = (
					"DEBUG=1",
					"$(inherited)",
				);
				GCC_SYMBOLS_PRIVATE_EXTERN = NO;
				GCC_WARN_64_TO_32_BIT_CONVERSION = YES;
				GCC_WARN_ABOUT_RETURN_TYPE = YES_ERROR;
				GCC_WARN_UNDECLARED_SELECTOR = YES;
				GCC_WARN_UNINITIALIZED_AUTOS = YES_AGGRESSIVE;
				GCC_WARN_UNUSED_FUNCTION = YES;
				GCC_WARN_UNUSED_VARIABLE = YES;
				IPHONEOS_DEPLOYMENT_TARGET = 7.1;
				ONLY_ACTIVE_ARCH = YES;
				SDKROOT = iphoneos;
			};
			name = Debug;
		};
		9B1235E418FCC919006A3378 /* Release */ = {
			isa = XCBuildConfiguration;
			buildSettings = {
				ALWAYS_SEARCH_USER_PATHS = NO;
				CLANG_CXX_LANGUAGE_STANDARD = "gnu++0x";
				CLANG_CXX_LIBRARY = "libc++";
				CLANG_ENABLE_MODULES = YES;
				CLANG_ENABLE_OBJC_ARC = YES;
				CLANG_WARN_BOOL_CONVERSION = YES;
				CLANG_WARN_CONSTANT_CONVERSION = YES;
				CLANG_WARN_DIRECT_OBJC_ISA_USAGE = YES_ERROR;
				CLANG_WARN_EMPTY_BODY = YES;
				CLANG_WARN_ENUM_CONVERSION = YES;
				CLANG_WARN_INT_CONVERSION = YES;
				CLANG_WARN_OBJC_ROOT_CLASS = YES_ERROR;
				CLANG_WARN__DUPLICATE_METHOD_MATCH = YES;
				"CODE_SIGN_IDENTITY[sdk=iphoneos*]" = "iPhone Developer";
				COPY_PHASE_STRIP = YES;
				ENABLE_NS_ASSERTIONS = NO;
				GCC_C_LANGUAGE_STANDARD = gnu99;
				GCC_WARN_64_TO_32_BIT_CONVERSION = YES;
				GCC_WARN_ABOUT_RETURN_TYPE = YES_ERROR;
				GCC_WARN_UNDECLARED_SELECTOR = YES;
				GCC_WARN_UNINITIALIZED_AUTOS = YES_AGGRESSIVE;
				GCC_WARN_UNUSED_FUNCTION = YES;
				GCC_WARN_UNUSED_VARIABLE = YES;
				IPHONEOS_DEPLOYMENT_TARGET = 7.1;
				SDKROOT = iphoneos;
				VALIDATE_PRODUCT = YES;
			};
			name = Release;
		};
		9B1235E618FCC919006A3378 /* Debug */ = {
			isa = XCBuildConfiguration;
			buildSettings = {
				ASSETCATALOG_COMPILER_APPICON_NAME = AppIcon;
				ASSETCATALOG_COMPILER_LAUNCHIMAGE_NAME = LaunchImage;
				GCC_PRECOMPILE_PREFIX_HEADER = YES;
				GCC_PREFIX_HEADER = "COShaKit/COShaKit-Prefix.pch";
				INFOPLIST_FILE = "COShaKit/COShaKit-Info.plist";
				PRODUCT_NAME = "$(TARGET_NAME)";
				WRAPPER_EXTENSION = app;
			};
			name = Debug;
		};
		9B1235E718FCC919006A3378 /* Release */ = {
			isa = XCBuildConfiguration;
			buildSettings = {
				ASSETCATALOG_COMPILER_APPICON_NAME = AppIcon;
				ASSETCATALOG_COMPILER_LAUNCHIMAGE_NAME = LaunchImage;
				GCC_PRECOMPILE_PREFIX_HEADER = YES;
				GCC_PREFIX_HEADER = "COShaKit/COShaKit-Prefix.pch";
				INFOPLIST_FILE = "COShaKit/COShaKit-Info.plist";
				PRODUCT_NAME = "$(TARGET_NAME)";
				WRAPPER_EXTENSION = app;
			};
			name = Release;
		};
		9B1235E918FCC919006A3378 /* Debug */ = {
			isa = XCBuildConfiguration;
			buildSettings = {
				BUNDLE_LOADER = "$(BUILT_PRODUCTS_DIR)/COShaKit.app/COShaKit";
				FRAMEWORK_SEARCH_PATHS = (
					"$(SDKROOT)/Developer/Library/Frameworks",
					"$(inherited)",
					"$(DEVELOPER_FRAMEWORKS_DIR)",
				);
				GCC_PRECOMPILE_PREFIX_HEADER = YES;
				GCC_PREFIX_HEADER = "COShaKit/COShaKit-Prefix.pch";
				GCC_PREPROCESSOR_DEFINITIONS = (
					"DEBUG=1",
					"$(inherited)",
				);
				INFOPLIST_FILE = "COShaKitTests/COShaKitTests-Info.plist";
				PRODUCT_NAME = "$(TARGET_NAME)";
				TEST_HOST = "$(BUNDLE_LOADER)";
				WRAPPER_EXTENSION = xctest;
			};
			name = Debug;
		};
		9B1235EA18FCC919006A3378 /* Release */ = {
			isa = XCBuildConfiguration;
			buildSettings = {
				BUNDLE_LOADER = "$(BUILT_PRODUCTS_DIR)/COShaKit.app/COShaKit";
				FRAMEWORK_SEARCH_PATHS = (
					"$(SDKROOT)/Developer/Library/Frameworks",
					"$(inherited)",
					"$(DEVELOPER_FRAMEWORKS_DIR)",
				);
				GCC_PRECOMPILE_PREFIX_HEADER = YES;
				GCC_PREFIX_HEADER = "COShaKit/COShaKit-Prefix.pch";
				INFOPLIST_FILE = "COShaKitTests/COShaKitTests-Info.plist";
				PRODUCT_NAME = "$(TARGET_NAME)";
				TEST_HOST = "$(BUNDLE_LOADER)";
				WRAPPER_EXTENSION = xctest;
			};
			name = Release;
		};
/* End XCBuildConfiguration section */

/* Begin XCConfigurationList section */
		9B1235B418FCC919006A3378 /* Build configuration list for PBXProject "COShaKit" */ = {
			isa = XCConfigurationList;
			buildConfigurations = (
				9B1235E318FCC919006A3378 /* Debug */,
				9B1235E418FCC919006A3378 /* Release */,
			);
			defaultConfigurationIsVisible = 0;
			defaultConfigurationName = Release;
		};
		9B1235E518FCC919006A3378 /* Build configuration list for PBXNativeTarget "COShaKit" */ = {
			isa = XCConfigurationList;
			buildConfigurations = (
				9B1235E618FCC919006A3378 /* Debug */,
				9B1235E718FCC919006A3378 /* Release */,
			);
			defaultConfigurationIsVisible = 0;
		};
		9B1235E818FCC919006A3378 /* Build configuration list for PBXNativeTarget "COShaKitTests" */ = {
			isa = XCConfigurationList;
			buildConfigurations = (
				9B1235E918FCC919006A3378 /* Debug */,
				9B1235EA18FCC919006A3378 /* Release */,
			);
			defaultConfigurationIsVisible = 0;
		};
/* End XCConfigurationList section */
	};
	rootObject = 9B1235B118FCC919006A3378 /* Project object */;
}
